
Microsoft Visual Studio Solution File, Format Version 12.00
# Visual Studio Version 17
VisualStudioVersion = 17.8.34511.84
MinimumVisualStudioVersion = 10.0.40219.1
Project("{FAE04EC0-301F-11D3-BF4B-00C04F79EFBC}") = "LINQ", "LINQ\LINQ.csproj", "{23A9E173-4812-4FDB-A72E-FFD91FC73031}"
EndProject
Global
	GlobalSection(SolutionConfigurationPlatforms) = preSolution
		Debug|Any CPU = Debug|Any CPU
		Release|Any CPU = Release|Any CPU
	EndGlobalSection
	GlobalSection(ProjectConfigurationPlatforms) = postSolution
		{23A9E173-4812-4FDB-A72E-FFD91FC73031}.Debug|Any CPU.ActiveCfg = Debug|Any CPU
		{23A9E173-4812-4FDB-A72E-FFD91FC73031}.Debug|Any CPU.Build.0 = Debug|Any CPU
		{23A9E173-4812-4FDB-A72E-FFD91FC73031}.Release|Any CPU.ActiveCfg = Release|Any CPU
		{23A9E173-4812-4FDB-A72E-FFD91FC73031}.Release|Any CPU.Build.0 = Release|Any CPU
	EndGlobalSection
	GlobalSection(SolutionProperties) = preSolution
		HideSolutionNode = FALSE
	EndGlobalSection
	GlobalSection(ExtensibilityGlobals) = postSolution
		SolutionGuid = {F6987E17-4930-4C1A-8750-34BAE07B8EF1}
	EndGlobalSection
EndGlobal
